
Microsoft Visual Studio Solution File, Format Version 12.00
# Visual Studio Version 16
VisualStudioVersion = 16.0.29215.179
MinimumVisualStudioVersion = 10.0.40219.1
Project("{9A19103F-16F7-4668-BE54-9A1E7A4F7556}") = "LPProject2", "LPProject2\LPProject2.csproj", "{58A940DA-A152-40D0-B354-38F94D5E75DB}"
EndProject
Project("{9A19103F-16F7-4668-BE54-9A1E7A4F7556}") = "Logic", "Logic\Logic.csproj", "{540477EF-DEBA-43E3-A125-3A94529845EC}"
EndProject
Project("{9A19103F-16F7-4668-BE54-9A1E7A4F7556}") = "DAL", "DAO\DAL.csproj", "{F59A2241-B164-405C-9584-BE60E170A1C3}"
EndProject
Project("{9A19103F-16F7-4668-BE54-9A1E7A4F7556}") = "Interfaces", "Interfaces\Interfaces.csproj", "{81FF0C78-E173-4DA8-B86E-DF27406726C6}"
EndProject
Global
	GlobalSection(SolutionConfigurationPlatforms) = preSolution
		Debug|Any CPU = Debug|Any CPU
		Release|Any CPU = Release|Any CPU
	EndGlobalSection
	GlobalSection(ProjectConfigurationPlatforms) = postSolution
		{58A940DA-A152-40D0-B354-38F94D5E75DB}.Debug|Any CPU.ActiveCfg = Debug|Any CPU
		{58A940DA-A152-40D0-B354-38F94D5E75DB}.Debug|Any CPU.Build.0 = Debug|Any CPU
		{58A940DA-A152-40D0-B354-38F94D5E75DB}.Release|Any CPU.ActiveCfg = Release|Any CPU
		{58A940DA-A152-40D0-B354-38F94D5E75DB}.Release|Any CPU.Build.0 = Release|Any CPU
		{540477EF-DEBA-43E3-A125-3A94529845EC}.Debug|Any CPU.ActiveCfg = Debug|Any CPU
		{540477EF-DEBA-43E3-A125-3A94529845EC}.Debug|Any CPU.Build.0 = Debug|Any CPU
		{540477EF-DEBA-43E3-A125-3A94529845EC}.Release|Any CPU.ActiveCfg = Release|Any CPU
		{540477EF-DEBA-43E3-A125-3A94529845EC}.Release|Any CPU.Build.0 = Release|Any CPU
		{F59A2241-B164-405C-9584-BE60E170A1C3}.Debug|Any CPU.ActiveCfg = Debug|Any CPU
		{F59A2241-B164-405C-9584-BE60E170A1C3}.Debug|Any CPU.Build.0 = Debug|Any CPU
		{F59A2241-B164-405C-9584-BE60E170A1C3}.Release|Any CPU.ActiveCfg = Release|Any CPU
		{F59A2241-B164-405C-9584-BE60E170A1C3}.Release|Any CPU.Build.0 = Release|Any CPU
		{81FF0C78-E173-4DA8-B86E-DF27406726C6}.Debug|Any CPU.ActiveCfg = Debug|Any CPU
		{81FF0C78-E173-4DA8-B86E-DF27406726C6}.Debug|Any CPU.Build.0 = Debug|Any CPU
		{81FF0C78-E173-4DA8-B86E-DF27406726C6}.Release|Any CPU.ActiveCfg = Release|Any CPU
		{81FF0C78-E173-4DA8-B86E-DF27406726C6}.Release|Any CPU.Build.0 = Release|Any CPU
	EndGlobalSection
	GlobalSection(SolutionProperties) = preSolution
		HideSolutionNode = FALSE
	EndGlobalSection
	GlobalSection(ExtensibilityGlobals) = postSolution
		SolutionGuid = {5E5638ED-5CD3-4EF8-8482-FFB817F72D83}
	EndGlobalSection
EndGlobal
